
Microsoft Visual Studio Solution File, Format Version 12.00
# Visual Studio Version 17
VisualStudioVersion = 17.11.35327.3
MinimumVisualStudioVersion = 10.0.40219.1
Project("{FAE04EC0-301F-11D3-BF4B-00C04F79EFBC}") = "YSAOdev", "YSAOdev\YSAOdev.csproj", "{DFE68A42-403F-4426-99D0-DD709C502F9D}"
EndProject
Global
	GlobalSection(SolutionConfigurationPlatforms) = preSolution
		Debug|Any CPU = Debug|Any CPU
		Release|Any CPU = Release|Any CPU
	EndGlobalSection
	GlobalSection(ProjectConfigurationPlatforms) = postSolution
		{DFE68A42-403F-4426-99D0-DD709C502F9D}.Debug|Any CPU.ActiveCfg = Debug|Any CPU
		{DFE68A42-403F-4426-99D0-DD709C502F9D}.Debug|Any CPU.Build.0 = Debug|Any CPU
		{DFE68A42-403F-4426-99D0-DD709C502F9D}.Release|Any CPU.ActiveCfg = Release|Any CPU
		{DFE68A42-403F-4426-99D0-DD709C502F9D}.Release|Any CPU.Build.0 = Release|Any CPU
	EndGlobalSection
	GlobalSection(SolutionProperties) = preSolution
		HideSolutionNode = FALSE
	EndGlobalSection
	GlobalSection(ExtensibilityGlobals) = postSolution
		SolutionGuid = {95EE8129-E1E8-4292-A793-7E50D663177B}
	EndGlobalSection
EndGlobal
